
Microsoft Visual Studio Solution File, Format Version 12.00
# Visual Studio 15
VisualStudioVersion = 15.0.27130.2026
MinimumVisualStudioVersion = 10.0.40219.1
Project("{FAE04EC0-301F-11D3-BF4B-00C04F79EFBC}") = "IdentityService", "IdentityService\IdentityService.csproj", "{B9AFC980-B113-48EE-AD9C-6C11B000367A}"
EndProject
Project("{FAE04EC0-301F-11D3-BF4B-00C04F79EFBC}") = "IdentityService.Tests", "IdentityService.Tests\IdentityService.Tests.csproj", "{F629A3EA-C1C6-4F3C-808F-56DEABAD0BBF}"
EndProject
Project("{FAE04EC0-301F-11D3-BF4B-00C04F79EFBC}") = "StreamProcessingService", "StreamProcessingService\StreamProcessingService.csproj", "{9503F7F5-F887-4A58-B6C5-C24A0B154E96}"
EndProject
Project("{FAE04EC0-301F-11D3-BF4B-00C04F79EFBC}") = "StreamProcessingService.Tests", "StreamProcessingService.Tests\StreamProcessingService.Tests.csproj", "{4704CA23-444D-4E4D-8EFC-695F64328A8A}"
EndProject
Global
	GlobalSection(SolutionConfigurationPlatforms) = preSolution
		Debug|Any CPU = Debug|Any CPU
		Release|Any CPU = Release|Any CPU
	EndGlobalSection
	GlobalSection(ProjectConfigurationPlatforms) = postSolution
		{B9AFC980-B113-48EE-AD9C-6C11B000367A}.Debug|Any CPU.ActiveCfg = Debug|Any CPU
		{B9AFC980-B113-48EE-AD9C-6C11B000367A}.Debug|Any CPU.Build.0 = Debug|Any CPU
		{B9AFC980-B113-48EE-AD9C-6C11B000367A}.Release|Any CPU.ActiveCfg = Release|Any CPU
		{B9AFC980-B113-48EE-AD9C-6C11B000367A}.Release|Any CPU.Build.0 = Release|Any CPU
		{F629A3EA-C1C6-4F3C-808F-56DEABAD0BBF}.Debug|Any CPU.ActiveCfg = Debug|Any CPU
		{F629A3EA-C1C6-4F3C-808F-56DEABAD0BBF}.Debug|Any CPU.Build.0 = Debug|Any CPU
		{F629A3EA-C1C6-4F3C-808F-56DEABAD0BBF}.Release|Any CPU.ActiveCfg = Release|Any CPU
		{F629A3EA-C1C6-4F3C-808F-56DEABAD0BBF}.Release|Any CPU.Build.0 = Release|Any CPU
		{9503F7F5-F887-4A58-B6C5-C24A0B154E96}.Debug|Any CPU.ActiveCfg = Debug|Any CPU
		{9503F7F5-F887-4A58-B6C5-C24A0B154E96}.Debug|Any CPU.Build.0 = Debug|Any CPU
		{9503F7F5-F887-4A58-B6C5-C24A0B154E96}.Release|Any CPU.ActiveCfg = Release|Any CPU
		{9503F7F5-F887-4A58-B6C5-C24A0B154E96}.Release|Any CPU.Build.0 = Release|Any CPU
		{4704CA23-444D-4E4D-8EFC-695F64328A8A}.Debug|Any CPU.ActiveCfg = Debug|Any CPU
		{4704CA23-444D-4E4D-8EFC-695F64328A8A}.Debug|Any CPU.Build.0 = Debug|Any CPU
		{4704CA23-444D-4E4D-8EFC-695F64328A8A}.Release|Any CPU.ActiveCfg = Release|Any CPU
		{4704CA23-444D-4E4D-8EFC-695F64328A8A}.Release|Any CPU.Build.0 = Release|Any CPU
	EndGlobalSection
	GlobalSection(SolutionProperties) = preSolution
		HideSolutionNode = FALSE
	EndGlobalSection
	GlobalSection(ExtensibilityGlobals) = postSolution
		SolutionGuid = {8C8425BB-1F01-4A05-8043-39FD45F98886}
	EndGlobalSection
EndGlobal
